{
  "name": "AutoMN",
  "version": "0.1.0",
  "lockfileVersion": 3,
  "requires": true,
  "packages": {
    "": {
      "name": "AutoMN",
      "version": "0.1.0",
      "dependencies": {
        "@autodl/provider-autodl-h3": "file:./packages/provider-autodl-h3",
        "@volcengine/provider-ark-seedream": "file:./packages/provider-ark-seedream"
      },
      "devDependencies": {
        "typescript": "^5.9.3"
      }
    },
    "node_modules/@autodl/provider-autodl-h3": {
      "resolved": "packages/provider-autodl-h3",
      "link": true
    },
    "node_modules/@volcengine/provider-ark-seedream": {
      "resolved": "packages/provider-ark-seedream",
      "link": true
    },
    "node_modules/typescript": {
      "version": "5.9.3",
      "resolved": "https://registry.npmmirror.com/typescript/-/typescript-5.9.3.tgz",
      "integrity": "sha512-jl1vZzPDinLr9eUt3J/t7V6FgNEw9QjvBPdysz9KfQDD41fQrC2Y4vKQdiaUpFT4bXlb1RHhLpp8wtm6M5TgSw==",
      "dev": true,
      "license": "Apache-2.0",
      "bin": {
        "tsc": "bin/tsc",
        "tsserver": "bin/tsserver"
      },
      "engines": {
        "node": ">=14.17"
      }
    },
    "packages/provider-ark-seedream": {
      "name": "@volcengine/provider-ark-seedream",
      "version": "0.1.0"
    },
    "packages/provider-autodl-h3": {
      "name": "@autodl/provider-autodl-h3",
      "version": "0.1.0"
    }
  }
}
